
Microsoft Visual Studio Solution File, Format Version 12.00
# Visual Studio Version 17
VisualStudioVersion = 17.5.33516.290
MinimumVisualStudioVersion = 10.0.40219.1
Project("{8BC9CEB8-8B4A-11D0-8D11-00A0C91BC942}") = "STATICMEMBER_119", "STATICMEMBER_119\STATICMEMBER_119.vcxproj", "{479411FB-8C0D-4A0D-8A42-DA13DFA37275}"
EndProject
Project("{8BC9CEB8-8B4A-11D0-8D11-00A0C91BC942}") = "KONSTRUKTOR_119", "KONSTRUKTOR_119\KONSTRUKTOR_119.vcxproj", "{38BEA678-2A37-4F0D-B624-144862A9E991}"
EndProject
Project("{8BC9CEB8-8B4A-11D0-8D11-00A0C91BC942}") = "DESTRUKTOR_119", "DESTRUKTOR_119\DESTRUKTOR_119.vcxproj", "{327C78D0-FAF2-4821-A3BD-39667AD1B902}"
EndProject
Project("{8BC9CEB8-8B4A-11D0-8D11-00A0C91BC942}") = "CHAINFUNCTION.119", "CHAINFUNCTION.119\CHAINFUNCTION.119.vcxproj", "{A884FD6E-F4D1-46FE-AADC-199C02751241}"
EndProject
Project("{8BC9CEB8-8B4A-11D0-8D11-00A0C91BC942}") = "mbrStatikFunc.119", "mbrStatikFunc.119\mbrStatikFunc.119.vcxproj", "{CCE1D515-8CCD-4459-82DA-4663ADE60DE4}"
EndProject
Global
	GlobalSection(SolutionConfigurationPlatforms) = preSolution
		Debug|x64 = Debug|x64
		Debug|x86 = Debug|x86
		Release|x64 = Release|x64
		Release|x86 = Release|x86
	EndGlobalSection
	GlobalSection(ProjectConfigurationPlatforms) = postSolution
		{479411FB-8C0D-4A0D-8A42-DA13DFA37275}.Debug|x64.ActiveCfg = Debug|x64
		{479411FB-8C0D-4A0D-8A42-DA13DFA37275}.Debug|x64.Build.0 = Debug|x64
		{479411FB-8C0D-4A0D-8A42-DA13DFA37275}.Debug|x86.ActiveCfg = Debug|Win32
		{479411FB-8C0D-4A0D-8A42-DA13DFA37275}.Debug|x86.Build.0 = Debug|Win32
		{479411FB-8C0D-4A0D-8A42-DA13DFA37275}.Release|x64.ActiveCfg = Release|x64
		{479411FB-8C0D-4A0D-8A42-DA13DFA37275}.Release|x64.Build.0 = Release|x64
		{479411FB-8C0D-4A0D-8A42-DA13DFA37275}.Release|x86.ActiveCfg = Release|Win32
		{479411FB-8C0D-4A0D-8A42-DA13DFA37275}.Release|x86.Build.0 = Release|Win32
		{38BEA678-2A37-4F0D-B624-144862A9E991}.Debug|x64.ActiveCfg = Debug|x64
		{38BEA678-2A37-4F0D-B624-144862A9E991}.Debug|x64.Build.0 = Debug|x64
		{38BEA678-2A37-4F0D-B624-144862A9E991}.Debug|x86.ActiveCfg = Debug|Win32
		{38BEA678-2A37-4F0D-B624-144862A9E991}.Debug|x86.Build.0 = Debug|Win32
		{38BEA678-2A37-4F0D-B624-144862A9E991}.Release|x64.ActiveCfg = Release|x64
		{38BEA678-2A37-4F0D-B624-144862A9E991}.Release|x64.Build.0 = Release|x64
		{38BEA678-2A37-4F0D-B624-144862A9E991}.Release|x86.ActiveCfg = Release|Win32
		{38BEA678-2A37-4F0D-B624-144862A9E991}.Release|x86.Build.0 = Release|Win32
		{327C78D0-FAF2-4821-A3BD-39667AD1B902}.Debug|x64.ActiveCfg = Debug|x64
		{327C78D0-FAF2-4821-A3BD-39667AD1B902}.Debug|x64.Build.0 = Debug|x64
		{327C78D0-FAF2-4821-A3BD-39667AD1B902}.Debug|x86.ActiveCfg = Debug|Win32
		{327C78D0-FAF2-4821-A3BD-39667AD1B902}.Debug|x86.Build.0 = Debug|Win32
		{327C78D0-FAF2-4821-A3BD-39667AD1B902}.Release|x64.ActiveCfg = Release|x64
		{327C78D0-FAF2-4821-A3BD-39667AD1B902}.Release|x64.Build.0 = Release|x64
		{327C78D0-FAF2-4821-A3BD-39667AD1B902}.Release|x86.ActiveCfg = Release|Win32
		{327C78D0-FAF2-4821-A3BD-39667AD1B902}.Release|x86.Build.0 = Release|Win32
		{A884FD6E-F4D1-46FE-AADC-199C02751241}.Debug|x64.ActiveCfg = Debug|x64
		{A884FD6E-F4D1-46FE-AADC-199C02751241}.Debug|x64.Build.0 = Debug|x64
		{A884FD6E-F4D1-46FE-AADC-199C02751241}.Debug|x86.ActiveCfg = Debug|Win32
		{A884FD6E-F4D1-46FE-AADC-199C02751241}.Debug|x86.Build.0 = Debug|Win32
		{A884FD6E-F4D1-46FE-AADC-199C02751241}.Release|x64.ActiveCfg = Release|x64
		{A884FD6E-F4D1-46FE-AADC-199C02751241}.Release|x64.Build.0 = Release|x64
		{A884FD6E-F4D1-46FE-AADC-199C02751241}.Release|x86.ActiveCfg = Release|Win32
		{A884FD6E-F4D1-46FE-AADC-199C02751241}.Release|x86.Build.0 = Release|Win32
		{CCE1D515-8CCD-4459-82DA-4663ADE60DE4}.Debug|x64.ActiveCfg = Debug|x64
		{CCE1D515-8CCD-4459-82DA-4663ADE60DE4}.Debug|x64.Build.0 = Debug|x64
		{CCE1D515-8CCD-4459-82DA-4663ADE60DE4}.Debug|x86.ActiveCfg = Debug|Win32
		{CCE1D515-8CCD-4459-82DA-4663ADE60DE4}.Debug|x86.Build.0 = Debug|Win32
		{CCE1D515-8CCD-4459-82DA-4663ADE60DE4}.Release|x64.ActiveCfg = Release|x64
		{CCE1D515-8CCD-4459-82DA-4663ADE60DE4}.Release|x64.Build.0 = Release|x64
		{CCE1D515-8CCD-4459-82DA-4663ADE60DE4}.Release|x86.ActiveCfg = Release|Win32
		{CCE1D515-8CCD-4459-82DA-4663ADE60DE4}.Release|x86.Build.0 = Release|Win32
	EndGlobalSection
	GlobalSection(SolutionProperties) = preSolution
		HideSolutionNode = FALSE
	EndGlobalSection
	GlobalSection(ExtensibilityGlobals) = postSolution
		SolutionGuid = {0FFE6F94-A94F-4901-BCEF-3C2F8269A9E6}
	EndGlobalSection
EndGlobal
